{
  "name": "neemacafe",
  "version": "1.0.0",
  "lockfileVersion": 3,
  "packages": {
    "": {
      "name": "neemacafe",
      "version": "1.0.0",
      "dependencies": {
        "cloudinary": "^2.5.0",
        "dotenv": "^16.4.5",
        "sharp": "^0.33.3"
      },
      "devDependencies": {
        "netlify-cli": "^17.34.5",
        "wrangler": "^3.80.0"
      }
    }
  }
}
